// !$*UTF8*$!
{
	archiveVersion = 1;
	classes = {
	};
	objectVersion = 56;
	objects = {

/* Begin PBXBuildFile section */
		40A133F52913BA1C00B3A850 /* AppDelegate.swift in Sources */ = {isa = PBXBuildFile; fileRef = 40A133F42913BA1C00B3A850 /* AppDelegate.swift */; };
		40A133F72913BA1C00B3A850 /* SceneDelegate.swift in Sources */ = {isa = PBXBuildFile; fileRef = 40A133F62913BA1C00B3A850 /* SceneDelegate.swift */; };
		40A133F92913BA1C00B3A850 /* ViewController.swift in Sources */ = {isa = PBXBuildFile; fileRef = 40A133F82913BA1C00B3A850 /* ViewController.swift */; };
		40A133FC2913BA1C00B3A850 /* Main.storyboard in Resources */ = {isa = PBXBuildFile; fileRef = 40A133FA2913BA1C00B3A850 /* Main.storyboard */; };
		40A133FE2913BA1F00B3A850 /* Assets.xcassets in Resources */ = {isa = PBXBuildFile; fileRef = 40A133FD2913BA1F00B3A850 /* Assets.xcassets */; };
		40A134012913BA1F00B3A850 /* LaunchScreen.storyboard in Resources */ = {isa = PBXBuildFile; fileRef = 40A133FF2913BA1F00B3A850 /* LaunchScreen.storyboard */; };
		40A1340C2913BA1F00B3A850 /* B1_66_73_74_75_84Tests.swift in Sources */ = {isa = PBXBuildFile; fileRef = 40A1340B2913BA1F00B3A850 /* B1_66_73_74_75_84Tests.swift */; };
		40A134162913BA1F00B3A850 /* B1_66_73_74_75_84UITests.swift in Sources */ = {isa = PBXBuildFile; fileRef = 40A134152913BA1F00B3A850 /* B1_66_73_74_75_84UITests.swift */; };
		40A134182913BA1F00B3A850 /* B1_66_73_74_75_84UITestsLaunchTests.swift in Sources */ = {isa = PBXBuildFile; fileRef = 40A134172913BA1F00B3A850 /* B1_66_73_74_75_84UITestsLaunchTests.swift */; };
/* End PBXBuildFile section */

/* Begin PBXContainerItemProxy section */
		40A134082913BA1F00B3A850 /* PBXContainerItemProxy */ = {
			isa = PBXContainerItemProxy;
			containerPortal = 40A133E92913BA1C00B3A850 /* Project object */;
			proxyType = 1;
			remoteGlobalIDString = 40A133F02913BA1C00B3A850;
			remoteInfo = B1_66_73_74_75_84;
		};
		40A134122913BA1F00B3A850 /* PBXContainerItemProxy */ = {
			isa = PBXContainerItemProxy;
			containerPortal = 40A133E92913BA1C00B3A850 /* Project object */;
			proxyType = 1;
			remoteGlobalIDString = 40A133F02913BA1C00B3A850;
			remoteInfo = B1_66_73_74_75_84;
		};
/* End PBXContainerItemProxy section */

/* Begin PBXFileReference section */
		40A133F12913BA1C00B3A850 /* B1_66_73_74_75_84.app */ = {isa = PBXFileReference; explicitFileType = wrapper.application; includeInIndex = 0; path = B1_66_73_74_75_84.app; sourceTree = BUILT_PRODUCTS_DIR; };
		40A133F42913BA1C00B3A850 /* AppDelegate.swift */ = {isa = PBXFileReference; lastKnownFileType = sourcecode.swift; path = AppDelegate.swift; sourceTree = "<group>"; };
		40A133F62913BA1C00B3A850 /* SceneDelegate.swift */ = {isa = PBXFileReference; lastKnownFileType = sourcecode.swift; path = SceneDelegate.swift; sourceTree = "<group>"; };
		40A133F82913BA1C00B3A850 /* ViewController.swift */ = {isa = PBXFileReference; lastKnownFileType = sourcecode.swift; path = ViewController.swift; sourceTree = "<group>"; };
		40A133FB2913BA1C00B3A850 /* Base */ = {isa = PBXFileReference; lastKnownFileType = file.storyboard; name = Base; path = Base.lproj/Main.storyboard; sourceTree = "<group>"; };
		40A133FD2913BA1F00B3A850 /* Assets.xcassets */ = {isa = PBXFileReference; lastKnownFileType = folder.assetcatalog; path = Assets.xcassets; sourceTree = "<group>"; };
		40A134002913BA1F00B3A850 /* Base */ = {isa = PBXFileReference; lastKnownFileType = file.storyboard; name = Base; path = Base.lproj/LaunchScreen.storyboard; sourceTree = "<group>"; };
		40A134022913BA1F00B3A850 /* Info.plist */ = {isa = PBXFileReference; lastKnownFileType = text.plist.xml; path = Info.plist; sourceTree = "<group>"; };
		40A134072913BA1F00B3A850 /* B1_66_73_74_75_84Tests.xctest */ = {isa = PBXFileReference; explicitFileType = wrapper.cfbundle; includeInIndex = 0; path = B1_66_73_74_75_84Tests.xctest; sourceTree = BUILT_PRODUCTS_DIR; };
		40A1340B2913BA1F00B3A850 /* B1_66_73_74_75_84Tests.swift */ = {isa = PBXFileReference; lastKnownFileType = sourcecode.swift; path = B1_66_73_74_75_84Tests.swift; sourceTree = "<group>"; };
		40A134112913BA1F00B3A850 /* B1_66_73_74_75_84UITests.xctest */ = {isa = PBXFileReference; explicitFileType = wrapper.cfbundle; includeInIndex = 0; path = B1_66_73_74_75_84UITests.xctest; sourceTree = BUILT_PRODUCTS_DIR; };
		40A134152913BA1F00B3A850 /* B1_66_73_74_75_84UITests.swift */ = {isa = PBXFileReference; lastKnownFileType = sourcecode.swift; path = B1_66_73_74_75_84UITests.swift; sourceTree = "<group>"; };
		40A134172913BA1F00B3A850 /* B1_66_73_74_75_84UITestsLaunchTests.swift */ = {isa = PBXFileReference; lastKnownFileType = sourcecode.swift; path = B1_66_73_74_75_84UITestsLaunchTests.swift; sourceTree = "<group>"; };
/* End PBXFileReference section */

/* Begin PBXFrameworksBuildPhase section */
		40A133EE2913BA1C00B3A850 /* Frameworks */ = {
			isa = PBXFrameworksBuildPhase;
			buildActionMask = 2147483647;
			files = (
			);
			runOnlyForDeploymentPostprocessing = 0;
		};
		40A134042913BA1F00B3A850 /* Frameworks */ = {
			isa = PBXFrameworksBuildPhase;
			buildActionMask = 2147483647;
			files = (
			);
			runOnlyForDeploymentPostprocessing = 0;
		};
		40A1340E2913BA1F00B3A850 /* Frameworks */ = {
			isa = PBXFrameworksBuildPhase;
			buildActionMask = 2147483647;
			files = (
			);
			runOnlyForDeploymentPostprocessing = 0;
		};
/* End PBXFrameworksBuildPhase section */

/* Begin PBXGroup section */
		40A133E82913BA1C00B3A850 = {
			isa = PBXGroup;
			children = (
				40A133F32913BA1C00B3A850 /* B1_66_73_74_75_84 */,
				40A1340A2913BA1F00B3A850 /* B1_66_73_74_75_84Tests */,
				40A134142913BA1F00B3A850 /* B1_66_73_74_75_84UITests */,
				40A133F22913BA1C00B3A850 /* Products */,
			);
			sourceTree = "<group>";
		};
		40A133F22913BA1C00B3A850 /* Products */ = {
			isa = PBXGroup;
			children = (
				40A133F12913BA1C00B3A850 /* B1_66_73_74_75_84.app */,
				40A134072913BA1F00B3A850 /* B1_66_73_74_75_84Tests.xctest */,
				40A134112913BA1F00B3A850 /* B1_66_73_74_75_84UITests.xctest */,
			);
			name = Products;
			sourceTree = "<group>";
		};
		40A133F32913BA1C00B3A850 /* B1_66_73_74_75_84 */ = {
			isa = PBXGroup;
			children = (
				40A133F42913BA1C00B3A850 /* AppDelegate.swift */,
				40A133F62913BA1C00B3A850 /* SceneDelegate.swift */,
				40A133F82913BA1C00B3A850 /* ViewController.swift */,
				40A133FA2913BA1C00B3A850 /* Main.storyboard */,
				40A133FD2913BA1F00B3A850 /* Assets.xcassets */,
				40A133FF2913BA1F00B3A850 /* LaunchScreen.storyboard */,
				40A134022913BA1F00B3A850 /* Info.plist */,
			);
			path = B1_66_73_74_75_84;
			sourceTree = "<group>";
		};
		40A1340A2913BA1F00B3A850 /* B1_66_73_74_75_84Tests */ = {
			isa = PBXGroup;
			children = (
				40A1340B2913BA1F00B3A850 /* B1_66_73_74_75_84Tests.swift */,
			);
			path = B1_66_73_74_75_84Tests;
			sourceTree = "<group>";
		};
		40A134142913BA1F00B3A850 /* B1_66_73_74_75_84UITests */ = {
			isa = PBXGroup;
			children = (
				40A134152913BA1F00B3A850 /* B1_66_73_74_75_84UITests.swift */,
				40A134172913BA1F00B3A850 /* B1_66_73_74_75_84UITestsLaunchTests.swift */,
			);
			path = B1_66_73_74_75_84UITests;
			sourceTree = "<group>";
		};
/* End PBXGroup section */

/* Begin PBXNativeTarget section */
		40A133F02913BA1C00B3A850 /* B1_66_73_74_75_84 */ = {
			isa = PBXNativeTarget;
			buildConfigurationList = 40A1341B2913BA1F00B3A850 /* Build configuration list for PBXNativeTarget "B1_66_73_74_75_84" */;
			buildPhases = (
				40A133ED2913BA1C00B3A850 /* Sources */,
				40A133EE2913BA1C00B3A850 /* Frameworks */,
				40A133EF2913BA1C00B3A850 /* Resources */,
			);
			buildRules = (
			);
			dependencies = (
			);
			name = B1_66_73_74_75_84;
			productName = B1_66_73_74_75_84;
			productReference = 40A133F12913BA1C00B3A850 /* B1_66_73_74_75_84.app */;
			productType = "com.apple.product-type.application";
		};
		40A134062913BA1F00B3A850 /* B1_66_73_74_75_84Tests */ = {
			isa = PBXNativeTarget;
			buildConfigurationList = 40A1341E2913BA1F00B3A850 /* Build configuration list for PBXNativeTarget "B1_66_73_74_75_84Tests" */;
			buildPhases = (
				40A134032913BA1F00B3A850 /* Sources */,
				40A134042913BA1F00B3A850 /* Frameworks */,
				40A134052913BA1F00B3A850 /* Resources */,
			);
			buildRules = (
			);
			dependencies = (
				40A134092913BA1F00B3A850 /* PBXTargetDependency */,
			);
			name = B1_66_73_74_75_84Tests;
			productName = B1_66_73_74_75_84Tests;
			productReference = 40A134072913BA1F00B3A850 /* B1_66_73_74_75_84Tests.xctest */;
			productType = "com.apple.product-type.bundle.unit-test";
		};
		40A134102913BA1F00B3A850 /* B1_66_73_74_75_84UITests */ = {
			isa = PBXNativeTarget;
			buildConfigurationList = 40A134212913BA1F00B3A850 /* Build configuration list for PBXNativeTarget "B1_66_73_74_75_84UITests" */;
			buildPhases = (
				40A1340D2913BA1F00B3A850 /* Sources */,
				40A1340E2913BA1F00B3A850 /* Frameworks */,
				40A1340F2913BA1F00B3A850 /* Resources */,
			);
			buildRules = (
			);
			dependencies = (
				40A134132913BA1F00B3A850 /* PBXTargetDependency */,
			);
			name = B1_66_73_74_75_84UITests;
			productName = B1_66_73_74_75_84UITests;
			productReference = 40A134112913BA1F00B3A850 /* B1_66_73_74_75_84UITests.xctest */;
			productType = "com.apple.product-type.bundle.ui-testing";
		};
/* End PBXNativeTarget section */

/* Begin PBXProject section */
		40A133E92913BA1C00B3A850 /* Project object */ = {
			isa = PBXProject;
			attributes = {
				BuildIndependentTargetsInParallel = 1;
				LastSwiftUpdateCheck = 1400;
				LastUpgradeCheck = 1400;
				TargetAttributes = {
					40A133F02913BA1C00B3A850 = {
						CreatedOnToolsVersion = 14.0.1;
					};
					40A134062913BA1F00B3A850 = {
						CreatedOnToolsVersion = 14.0.1;
						TestTargetID = 40A133F02913BA1C00B3A850;
					};
					40A134102913BA1F00B3A850 = {
						CreatedOnToolsVersion = 14.0.1;
						TestTargetID = 40A133F02913BA1C00B3A850;
					};
				};
			};
			buildConfigurationList = 40A133EC2913BA1C00B3A850 /* Build configuration list for PBXProject "B1_66_73_74_75_84" */;
			compatibilityVersion = "Xcode 14.0";
			developmentRegion = en;
			hasScannedForEncodings = 0;
			knownRegions = (
				en,
				Base,
			);
			mainGroup = 40A133E82913BA1C00B3A850;
			productRefGroup = 40A133F22913BA1C00B3A850 /* Products */;
			projectDirPath = "";
			projectRoot = "";
			targets = (
				40A133F02913BA1C00B3A850 /* B1_66_73_74_75_84 */,
				40A134062913BA1F00B3A850 /* B1_66_73_74_75_84Tests */,
				40A134102913BA1F00B3A850 /* B1_66_73_74_75_84UITests */,
			);
		};
/* End PBXProject section */

/* Begin PBXResourcesBuildPhase section */
		40A133EF2913BA1C00B3A850 /* Resources */ = {
			isa = PBXResourcesBuildPhase;
			buildActionMask = 2147483647;
			files = (
				40A134012913BA1F00B3A850 /* LaunchScreen.storyboard in Resources */,
				40A133FE2913BA1F00B3A850 /* Assets.xcassets in Resources */,
				40A133FC2913BA1C00B3A850 /* Main.storyboard in Resources */,
			);
			runOnlyForDeploymentPostprocessing = 0;
		};
		40A134052913BA1F00B3A850 /* Resources */ = {
			isa = PBXResourcesBuildPhase;
			buildActionMask = 2147483647;
			files = (
			);
			runOnlyForDeploymentPostprocessing = 0;
		};
		40A1340F2913BA1F00B3A850 /* Resources */ = {
			isa = PBXResourcesBuildPhase;
			buildActionMask = 2147483647;
			files = (
			);
			runOnlyForDeploymentPostprocessing = 0;
		};
/* End PBXResourcesBuildPhase section */

/* Begin PBXSourcesBuildPhase section */
		40A133ED2913BA1C00B3A850 /* Sources */ = {
			isa = PBXSourcesBuildPhase;
			buildActionMask = 2147483647;
			files = (
				40A133F92913BA1C00B3A850 /* ViewController.swift in Sources */,
				40A133F52913BA1C00B3A850 /* AppDelegate.swift in Sources */,
				40A133F72913BA1C00B3A850 /* SceneDelegate.swift in Sources */,
			);
			runOnlyForDeploymentPostprocessing = 0;
		};
		40A134032913BA1F00B3A850 /* Sources */ = {
			isa = PBXSourcesBuildPhase;
			buildActionMask = 2147483647;
			files = (
				40A1340C2913BA1F00B3A850 /* B1_66_73_74_75_84Tests.swift in Sources */,
			);
			runOnlyForDeploymentPostprocessing = 0;
		};
		40A1340D2913BA1F00B3A850 /* Sources */ = {
			isa = PBXSourcesBuildPhase;
			buildActionMask = 2147483647;
			files = (
				40A134182913BA1F00B3A850 /* B1_66_73_74_75_84UITestsLaunchTests.swift in Sources */,
				40A134162913BA1F00B3A850 /* B1_66_73_74_75_84UITests.swift in Sources */,
			);
			runOnlyForDeploymentPostprocessing = 0;
		};
/* End PBXSourcesBuildPhase section */

/* Begin PBXTargetDependency section */
		40A134092913BA1F00B3A850 /* PBXTargetDependency */ = {
			isa = PBXTargetDependency;
			target = 40A133F02913BA1C00B3A850 /* B1_66_73_74_75_84 */;
			targetProxy = 40A134082913BA1F00B3A850 /* PBXContainerItemProxy */;
		};
		40A134132913BA1F00B3A850 /* PBXTargetDependency */ = {
			isa = PBXTargetDependency;
			target = 40A133F02913BA1C00B3A850 /* B1_66_73_74_75_84 */;
			targetProxy = 40A134122913BA1F00B3A850 /* PBXContainerItemProxy */;
		};
/* End PBXTargetDependency section */

/* Begin PBXVariantGroup section */
		40A133FA2913BA1C00B3A850 /* Main.storyboard */ = {
			isa = PBXVariantGroup;
			children = (
				40A133FB2913BA1C00B3A850 /* Base */,
			);
			name = Main.storyboard;
			sourceTree = "<group>";
		};
		40A133FF2913BA1F00B3A850 /* LaunchScreen.storyboard */ = {
			isa = PBXVariantGroup;
			children = (
				40A134002913BA1F00B3A850 /* Base */,
			);
			name = LaunchScreen.storyboard;
			sourceTree = "<group>";
		};
/* End PBXVariantGroup section */

/* Begin XCBuildConfiguration section */
		40A134192913BA1F00B3A850 /* Debug */ = {
			isa = XCBuildConfiguration;
			buildSettings = {
				ALWAYS_SEARCH_USER_PATHS = NO;
				CLANG_ANALYZER_NONNULL = YES;
				CLANG_ANALYZER_NUMBER_OBJECT_CONVERSION = YES_AGGRESSIVE;
				CLANG_CXX_LANGUAGE_STANDARD = "gnu++20";
				CLANG_ENABLE_MODULES = YES;
				CLANG_ENABLE_OBJC_ARC = YES;
				CLANG_ENABLE_OBJC_WEAK = YES;
				CLANG_WARN_BLOCK_CAPTURE_AUTORELEASING = YES;
				CLANG_WARN_BOOL_CONVERSION = YES;
				CLANG_WARN_COMMA = YES;
				CLANG_WARN_CONSTANT_CONVERSION = YES;
				CLANG_WARN_DEPRECATED_OBJC_IMPLEMENTATIONS = YES;
				CLANG_WARN_DIRECT_OBJC_ISA_USAGE = YES_ERROR;
				CLANG_WARN_DOCUMENTATION_COMMENTS = YES;
				CLANG_WARN_EMPTY_BODY = YES;
				CLANG_WARN_ENUM_CONVERSION = YES;
				CLANG_WARN_INFINITE_RECURSION = YES;
				CLANG_WARN_INT_CONVERSION = YES;
				CLANG_WARN_NON_LITERAL_NULL_CONVERSION = YES;
				CLANG_WARN_OBJC_IMPLICIT_RETAIN_SELF = YES;
				CLANG_WARN_OBJC_LITERAL_CONVERSION = YES;
				CLANG_WARN_OBJC_ROOT_CLASS = YES_ERROR;
				CLANG_WARN_QUOTED_INCLUDE_IN_FRAMEWORK_HEADER = YES;
				CLANG_WARN_RANGE_LOOP_ANALYSIS = YES;
				CLANG_WARN_STRICT_PROTOTYPES = YES;
				CLANG_WARN_SUSPICIOUS_MOVE = YES;
				CLANG_WARN_UNGUARDED_AVAILABILITY = YES_AGGRESSIVE;
				CLANG_WARN_UNREACHABLE_CODE = YES;
				CLANG_WARN__DUPLICATE_METHOD_MATCH = YES;
				COPY_PHASE_STRIP = NO;
				DEBUG_INFORMATION_FORMAT = dwarf;
				ENABLE_STRICT_OBJC_MSGSEND = YES;
				ENABLE_TESTABILITY = YES;
				GCC_C_LANGUAGE_STANDARD = gnu11;
				GCC_DYNAMIC_NO_PIC = NO;
				GCC_NO_COMMON_BLOCKS = YES;
				GCC_OPTIMIZATION_LEVEL = 0;
				GCC_PREPROCESSOR_DEFINITIONS = (
					"DEBUG=1",
					"$(inherited)",
				);
				GCC_WARN_64_TO_32_BIT_CONVERSION = YES;
				GCC_WARN_ABOUT_RETURN_TYPE = YES_ERROR;
				GCC_WARN_UNDECLARED_SELECTOR = YES;
				GCC_WARN_UNINITIALIZED_AUTOS = YES_AGGRESSIVE;
				GCC_WARN_UNUSED_FUNCTION = YES;
				GCC_WARN_UNUSED_VARIABLE = YES;
				IPHONEOS_DEPLOYMENT_TARGET = 16.0;
				MTL_ENABLE_DEBUG_INFO = INCLUDE_SOURCE;
				MTL_FAST_MATH = YES;
				ONLY_ACTIVE_ARCH = YES;
				SDKROOT = iphoneos;
				SWIFT_ACTIVE_COMPILATION_CONDITIONS = DEBUG;
				SWIFT_OPTIMIZATION_LEVEL = "-Onone";
			};
			name = Debug;
		};
		40A1341A2913BA1F00B3A850 /* Release */ = {
			isa = XCBuildConfiguration;
			buildSettings = {
				ALWAYS_SEARCH_USER_PATHS = NO;
				CLANG_ANALYZER_NONNULL = YES;
				CLANG_ANALYZER_NUMBER_OBJECT_CONVERSION = YES_AGGRESSIVE;
				CLANG_CXX_LANGUAGE_STANDARD = "gnu++20";
				CLANG_ENABLE_MODULES = YES;
				CLANG_ENABLE_OBJC_ARC = YES;
				CLANG_ENABLE_OBJC_WEAK = YES;
				CLANG_WARN_BLOCK_CAPTURE_AUTORELEASING = YES;
				CLANG_WARN_BOOL_CONVERSION = YES;
				CLANG_WARN_COMMA = YES;
				CLANG_WARN_CONSTANT_CONVERSION = YES;
				CLANG_WARN_DEPRECATED_OBJC_IMPLEMENTATIONS = YES;
				CLANG_WARN_DIRECT_OBJC_ISA_USAGE = YES_ERROR;
				CLANG_WARN_DOCUMENTATION_COMMENTS = YES;
				CLANG_WARN_EMPTY_BODY = YES;
				CLANG_WARN_ENUM_CONVERSION = YES;
				CLANG_WARN_INFINITE_RECURSION = YES;
				CLANG_WARN_INT_CONVERSION = YES;
				CLANG_WARN_NON_LITERAL_NULL_CONVERSION = YES;
				CLANG_WARN_OBJC_IMPLICIT_RETAIN_SELF = YES;
				CLANG_WARN_OBJC_LITERAL_CONVERSION = YES;
				CLANG_WARN_OBJC_ROOT_CLASS = YES_ERROR;
				CLANG_WARN_QUOTED_INCLUDE_IN_FRAMEWORK_HEADER = YES;
				CLANG_WARN_RANGE_LOOP_ANALYSIS = YES;
				CLANG_WARN_STRICT_PROTOTYPES = YES;
				CLANG_WARN_SUSPICIOUS_MOVE = YES;
				CLANG_WARN_UNGUARDED_AVAILABILITY = YES_AGGRESSIVE;
				CLANG_WARN_UNREACHABLE_CODE = YES;
				CLANG_WARN__DUPLICATE_METHOD_MATCH = YES;
				COPY_PHASE_STRIP = NO;
				DEBUG_INFORMATION_FORMAT = "dwarf-with-dsym";
				ENABLE_NS_ASSERTIONS = NO;
				ENABLE_STRICT_OBJC_MSGSEND = YES;
				GCC_C_LANGUAGE_STANDARD = gnu11;
				GCC_NO_COMMON_BLOCKS = YES;
				GCC_WARN_64_TO_32_BIT_CONVERSION = YES;
				GCC_WARN_ABOUT_RETURN_TYPE = YES_ERROR;
				GCC_WARN_UNDECLARED_SELECTOR = YES;
				GCC_WARN_UNINITIALIZED_AUTOS = YES_AGGRESSIVE;
				GCC_WARN_UNUSED_FUNCTION = YES;
				GCC_WARN_UNUSED_VARIABLE = YES;
				IPHONEOS_DEPLOYMENT_TARGET = 16.0;
				MTL_ENABLE_DEBUG_INFO = NO;
				MTL_FAST_MATH = YES;
				SDKROOT = iphoneos;
				SWIFT_COMPILATION_MODE = wholemodule;
				SWIFT_OPTIMIZATION_LEVEL = "-O";
				VALIDATE_PRODUCT = YES;
			};
			name = Release;
		};
		40A1341C2913BA1F00B3A850 /* Debug */ = {
			isa = XCBuildConfiguration;
			buildSettings = {
				ASSETCATALOG_COMPILER_APPICON_NAME = AppIcon;
				ASSETCATALOG_COMPILER_GLOBAL_ACCENT_COLOR_NAME = AccentColor;
				CODE_SIGN_STYLE = Automatic;
				CURRENT_PROJECT_VERSION = 1;
				GENERATE_INFOPLIST_FILE = YES;
				INFOPLIST_FILE = B1_66_73_74_75_84/Info.plist;
				INFOPLIST_KEY_UIApplicationSupportsIndirectInputEvents = YES;
				INFOPLIST_KEY_UILaunchStoryboardName = LaunchScreen;
				INFOPLIST_KEY_UIMainStoryboardFile = Main;
				INFOPLIST_KEY_UISupportedInterfaceOrientations_iPad = "UIInterfaceOrientationPortrait UIInterfaceOrientationPortraitUpsideDown UIInterfaceOrientationLandscapeLeft UIInterfaceOrientationLandscapeRight";
				INFOPLIST_KEY_UISupportedInterfaceOrientations_iPhone = "UIInterfaceOrientationPortrait UIInterfaceOrientationLandscapeLeft UIInterfaceOrientationLandscapeRight";
				LD_RUNPATH_SEARCH_PATHS = (
					"$(inherited)",
					"@executable_path/Frameworks",
				);
				MARKETING_VERSION = 1.0;
				PRODUCT_BUNDLE_IDENTIFIER = "kuetcse.B1-66-73-74-75-84";
				PRODUCT_NAME = "$(TARGET_NAME)";
				SWIFT_EMIT_LOC_STRINGS = YES;
				SWIFT_VERSION = 5.0;
				TARGETED_DEVICE_FAMILY = "1,2";
			};
			name = Debug;
		};
		40A1341D2913BA1F00B3A850 /* Release */ = {
			isa = XCBuildConfiguration;
			buildSettings = {
				ASSETCATALOG_COMPILER_APPICON_NAME = AppIcon;
				ASSETCATALOG_COMPILER_GLOBAL_ACCENT_COLOR_NAME = AccentColor;
				CODE_SIGN_STYLE = Automatic;
				CURRENT_PROJECT_VERSION = 1;
				GENERATE_INFOPLIST_FILE = YES;
				INFOPLIST_FILE = B1_66_73_74_75_84/Info.plist;
				INFOPLIST_KEY_UIApplicationSupportsIndirectInputEvents = YES;
				INFOPLIST_KEY_UILaunchStoryboardName = LaunchScreen;
				INFOPLIST_KEY_UIMainStoryboardFile = Main;
				INFOPLIST_KEY_UISupportedInterfaceOrientations_iPad = "UIInterfaceOrientationPortrait UIInterfaceOrientationPortraitUpsideDown UIInterfaceOrientationLandscapeLeft UIInterfaceOrientationLandscapeRight";
				INFOPLIST_KEY_UISupportedInterfaceOrientations_iPhone = "UIInterfaceOrientationPortrait UIInterfaceOrientationLandscapeLeft UIInterfaceOrientationLandscapeRight";
				LD_RUNPATH_SEARCH_PATHS = (
					"$(inherited)",
					"@executable_path/Frameworks",
				);
				MARKETING_VERSION = 1.0;
				PRODUCT_BUNDLE_IDENTIFIER = "kuetcse.B1-66-73-74-75-84";
				PRODUCT_NAME = "$(TARGET_NAME)";
				SWIFT_EMIT_LOC_STRINGS = YES;
				SWIFT_VERSION = 5.0;
				TARGETED_DEVICE_FAMILY = "1,2";
			};
			name = Release;
		};
		40A1341F2913BA1F00B3A850 /* Debug */ = {
			isa = XCBuildConfiguration;
			buildSettings = {
				ALWAYS_EMBED_SWIFT_STANDARD_LIBRARIES = YES;
				BUNDLE_LOADER = "$(TEST_HOST)";
				CODE_SIGN_STYLE = Automatic;
				CURRENT_PROJECT_VERSION = 1;
				GENERATE_INFOPLIST_FILE = YES;
				IPHONEOS_DEPLOYMENT_TARGET = 16.0;
				MARKETING_VERSION = 1.0;
				PRODUCT_BUNDLE_IDENTIFIER = "kuetcse.B1-66-73-74-75-84Tests";
				PRODUCT_NAME = "$(TARGET_NAME)";
				SWIFT_EMIT_LOC_STRINGS = NO;
				SWIFT_VERSION = 5.0;
				TARGETED_DEVICE_FAMILY = "1,2";
				TEST_HOST = "$(BUILT_PRODUCTS_DIR)/B1_66_73_74_75_84.app/$(BUNDLE_EXECUTABLE_FOLDER_PATH)/B1_66_73_74_75_84";
			};
			name = Debug;
		};
		40A134202913BA1F00B3A850 /* Release */ = {
			isa = XCBuildConfiguration;
			buildSettings = {
				ALWAYS_EMBED_SWIFT_STANDARD_LIBRARIES = YES;
				BUNDLE_LOADER = "$(TEST_HOST)";
				CODE_SIGN_STYLE = Automatic;
				CURRENT_PROJECT_VERSION = 1;
				GENERATE_INFOPLIST_FILE = YES;
				IPHONEOS_DEPLOYMENT_TARGET = 16.0;
				MARKETING_VERSION = 1.0;
				PRODUCT_BUNDLE_IDENTIFIER = "kuetcse.B1-66-73-74-75-84Tests";
				PRODUCT_NAME = "$(TARGET_NAME)";
				SWIFT_EMIT_LOC_STRINGS = NO;
				SWIFT_VERSION = 5.0;
				TARGETED_DEVICE_FAMILY = "1,2";
				TEST_HOST = "$(BUILT_PRODUCTS_DIR)/B1_66_73_74_75_84.app/$(BUNDLE_EXECUTABLE_FOLDER_PATH)/B1_66_73_74_75_84";
			};
			name = Release;
		};
		40A134222913BA1F00B3A850 /* Debug */ = {
			isa = XCBuildConfiguration;
			buildSettings = {
				ALWAYS_EMBED_SWIFT_STANDARD_LIBRARIES = YES;
				CODE_SIGN_STYLE = Automatic;
				CURRENT_PROJECT_VERSION = 1;
				GENERATE_INFOPLIST_FILE = YES;
				MARKETING_VERSION = 1.0;
				PRODUCT_BUNDLE_IDENTIFIER = "kuetcse.B1-66-73-74-75-84UITests";
				PRODUCT_NAME = "$(TARGET_NAME)";
				SWIFT_EMIT_LOC_STRINGS = NO;
				SWIFT_VERSION = 5.0;
				TARGETED_DEVICE_FAMILY = "1,2";
				TEST_TARGET_NAME = B1_66_73_74_75_84;
			};
			name = Debug;
		};
		40A134232913BA1F00B3A850 /* Release */ = {
			isa = XCBuildConfiguration;
			buildSettings = {
				ALWAYS_EMBED_SWIFT_STANDARD_LIBRARIES = YES;
				CODE_SIGN_STYLE = Automatic;
				CURRENT_PROJECT_VERSION = 1;
				GENERATE_INFOPLIST_FILE = YES;
				MARKETING_VERSION = 1.0;
				PRODUCT_BUNDLE_IDENTIFIER = "kuetcse.B1-66-73-74-75-84UITests";
				PRODUCT_NAME = "$(TARGET_NAME)";
				SWIFT_EMIT_LOC_STRINGS = NO;
				SWIFT_VERSION = 5.0;
				TARGETED_DEVICE_FAMILY = "1,2";
				TEST_TARGET_NAME = B1_66_73_74_75_84;
			};
			name = Release;
		};
/* End XCBuildConfiguration section */

/* Begin XCConfigurationList section */
		40A133EC2913BA1C00B3A850 /* Build configuration list for PBXProject "B1_66_73_74_75_84" */ = {
			isa = XCConfigurationList;
			buildConfigurations = (
				40A134192913BA1F00B3A850 /* Debug */,
				40A1341A2913BA1F00B3A850 /* Release */,
			);
			defaultConfigurationIsVisible = 0;
			defaultConfigurationName = Release;
		};
		40A1341B2913BA1F00B3A850 /* Build configuration list for PBXNativeTarget "B1_66_73_74_75_84" */ = {
			isa = XCConfigurationList;
			buildConfigurations = (
				40A1341C2913BA1F00B3A850 /* Debug */,
				40A1341D2913BA1F00B3A850 /* Release */,
			);
			defaultConfigurationIsVisible = 0;
			defaultConfigurationName = Release;
		};
		40A1341E2913BA1F00B3A850 /* Build configuration list for PBXNativeTarget "B1_66_73_74_75_84Tests" */ = {
			isa = XCConfigurationList;
			buildConfigurations = (
				40A1341F2913BA1F00B3A850 /* Debug */,
				40A134202913BA1F00B3A850 /* Release */,
			);
			defaultConfigurationIsVisible = 0;
			defaultConfigurationName = Release;
		};
		40A134212913BA1F00B3A850 /* Build configuration list for PBXNativeTarget "B1_66_73_74_75_84UITests" */ = {
			isa = XCConfigurationList;
			buildConfigurations = (
				40A134222913BA1F00B3A850 /* Debug */,
				40A134232913BA1F00B3A850 /* Release */,
			);
			defaultConfigurationIsVisible = 0;
			defaultConfigurationName = Release;
		};
/* End XCConfigurationList section */
	};
	rootObject = 40A133E92913BA1C00B3A850 /* Project object */;
}
